
Microsoft Visual Studio Solution File, Format Version 12.00
# Visual Studio 15
VisualStudioVersion = 15.0.27703.2026
MinimumVisualStudioVersion = 10.0.40219.1
Project("{FAE04EC0-301F-11D3-BF4B-00C04F79EFBC}") = "LiJiaCheng.Code", "LiJiaCheng.Code\LiJiaCheng.Code.csproj", "{47F6B281-15D4-4668-9E78-E160D22E7047}"
EndProject
Project("{FAE04EC0-301F-11D3-BF4B-00C04F79EFBC}") = "LiJiaCheng.Test", "LiJiaCheng.Test\LiJiaCheng.Test.csproj", "{1A823614-D2C0-4124-AB2F-C12FB25EC06F}"
EndProject
Project("{FAE04EC0-301F-11D3-BF4B-00C04F79EFBC}") = "LiJiaCheng.Service", "LiJiaCheng.Service\LiJiaCheng.Service.csproj", "{A809CFB5-A29E-44D5-803F-E0E7EC362CED}"
EndProject
Project("{FAE04EC0-301F-11D3-BF4B-00C04F79EFBC}") = "LiJiaCheng.Web", "LiJiaCheng.Web\LiJiaCheng.Web.csproj", "{7E15ED90-874B-4656-86F4-4F0E27ECFF58}"
EndProject
Project("{2150E333-8FDC-42A3-9474-1A3956D46DE8}") = "Other", "Other", "{057E99EA-7E4A-492F-9528-EF1F7A7455C2}"
EndProject
Project("{FAE04EC0-301F-11D3-BF4B-00C04F79EFBC}") = "WeiXin", "WeiXin\WeiXin.csproj", "{E0507E7D-1FB6-4124-854A-995DEEF41A29}"
EndProject
Project("{FAE04EC0-301F-11D3-BF4B-00C04F79EFBC}") = "jQueryValidation", "jQueryValidation\jQueryValidation.csproj", "{6BF02AE8-2599-46D6-B21C-A722134EFFD5}"
EndProject
Project("{2150E333-8FDC-42A3-9474-1A3956D46DE8}") = "WeiXinDic", "WeiXinDic", "{5D10714B-83A6-4934-BDCC-1A4AF07F2BED}"
EndProject
Project("{2150E333-8FDC-42A3-9474-1A3956D46DE8}") = "jQueryValidationDic", "jQueryValidationDic", "{8EA62744-C3D0-4F13-9FD0-069917029FF6}"
EndProject
Project("{FAE04EC0-301F-11D3-BF4B-00C04F79EFBC}") = "WeiXinConsole", "WeiXinConsole\WeiXinConsole.csproj", "{B1336E76-FCEF-4D85-86AC-F78665716243}"
EndProject
Project("{2150E333-8FDC-42A3-9474-1A3956D46DE8}") = "RabbitMQ", "RabbitMQ", "{349DE7BC-497F-4F1C-8ED9-936D603211A2}"
EndProject
Project("{FAE04EC0-301F-11D3-BF4B-00C04F79EFBC}") = "RabbitMQ_Client", "RabbitMQ_Demo\RabbitMQ_Client.csproj", "{88950A72-AF0B-491A-826C-7AF134532704}"
EndProject
Project("{FAE04EC0-301F-11D3-BF4B-00C04F79EFBC}") = "RabbitMQ_Server", "RabbitMQ_Server\RabbitMQ_Server.csproj", "{1A614091-314D-4E2D-9408-AD6F447DCBFE}"
EndProject
Project("{2150E333-8FDC-42A3-9474-1A3956D46DE8}") = "T4", "T4", "{0C795A60-295B-4BD6-BEA3-B1AD5819508A}"
EndProject
Project("{FAE04EC0-301F-11D3-BF4B-00C04F79EFBC}") = "T4", "T4\T4.csproj", "{1DFE1484-2C74-48BC-88B4-7BCE0B321112}"
EndProject
Project("{2150E333-8FDC-42A3-9474-1A3956D46DE8}") = "WebTemplate", "WebTemplate", "{47DBC50B-4D7B-4DDD-AF7F-BC12760F0936}"
EndProject
Project("{FAE04EC0-301F-11D3-BF4B-00C04F79EFBC}") = "SmartUI", "SmartUI\SmartUI.csproj", "{B3FBE24A-A68B-4CC5-971F-0EE2AE0D3005}"
EndProject
Project("{FAE04EC0-301F-11D3-BF4B-00C04F79EFBC}") = "AdminLTE_UI", "AdminLTE_UI\AdminLTE_UI.csproj", "{E1C303AB-D50E-4069-A08B-091D2099433D}"
EndProject
Project("{2150E333-8FDC-42A3-9474-1A3956D46DE8}") = "Service", "Service", "{189CAD9D-BB8B-4870-BBE6-01DDEEFC3EAF}"
EndProject
Project("{FAE04EC0-301F-11D3-BF4B-00C04F79EFBC}") = "WcfService", "WcfService\WcfService.csproj", "{296B0951-A60D-4E6A-AF23-A6E08BA6AA21}"
EndProject
Project("{2150E333-8FDC-42A3-9474-1A3956D46DE8}") = "WCF", "WCF", "{DDBD4589-3C63-46FB-9681-CD1B28D980A7}"
EndProject
Project("{2150E333-8FDC-42A3-9474-1A3956D46DE8}") = "WebService", "WebService", "{4FC3FEB0-5C0C-4957-8FC9-2074E79E6FCB}"
EndProject
Project("{FAE04EC0-301F-11D3-BF4B-00C04F79EFBC}") = "WebServiceDemo", "WebServiceDemo\WebServiceDemo.csproj", "{97AB54C8-E73F-4690-BE64-6E57A2C3519C}"
	ProjectSection(ProjectDependencies) = postProject
		{296B0951-A60D-4E6A-AF23-A6E08BA6AA21} = {296B0951-A60D-4E6A-AF23-A6E08BA6AA21}
	EndProjectSection
EndProject
Project("{FAE04EC0-301F-11D3-BF4B-00C04F79EFBC}") = "WebServerClient", "WebServerClient\WebServerClient.csproj", "{02CACE9B-F42E-4180-A5B9-9CE6B403A9CE}"
	ProjectSection(ProjectDependencies) = postProject
		{296B0951-A60D-4E6A-AF23-A6E08BA6AA21} = {296B0951-A60D-4E6A-AF23-A6E08BA6AA21}
		{97AB54C8-E73F-4690-BE64-6E57A2C3519C} = {97AB54C8-E73F-4690-BE64-6E57A2C3519C}
	EndProjectSection
EndProject
Project("{2150E333-8FDC-42A3-9474-1A3956D46DE8}") = "MongoDb", "MongoDb", "{5F50B492-497C-41B4-B0A0-9740B274FD02}"
EndProject
Project("{FAE04EC0-301F-11D3-BF4B-00C04F79EFBC}") = "MongoDbDemo", "MongoDbDemo\MongoDbDemo.csproj", "{33BD2134-5D9A-4CDE-82B0-2528FBED5C68}"
EndProject
Global
	GlobalSection(SolutionConfigurationPlatforms) = preSolution
		Debug|Any CPU = Debug|Any CPU
		Release|Any CPU = Release|Any CPU
	EndGlobalSection
	GlobalSection(ProjectConfigurationPlatforms) = postSolution
		{47F6B281-15D4-4668-9E78-E160D22E7047}.Debug|Any CPU.ActiveCfg = Debug|Any CPU
		{47F6B281-15D4-4668-9E78-E160D22E7047}.Debug|Any CPU.Build.0 = Debug|Any CPU
		{47F6B281-15D4-4668-9E78-E160D22E7047}.Release|Any CPU.ActiveCfg = Release|Any CPU
		{47F6B281-15D4-4668-9E78-E160D22E7047}.Release|Any CPU.Build.0 = Release|Any CPU
		{1A823614-D2C0-4124-AB2F-C12FB25EC06F}.Debug|Any CPU.ActiveCfg = Debug|Any CPU
		{1A823614-D2C0-4124-AB2F-C12FB25EC06F}.Debug|Any CPU.Build.0 = Debug|Any CPU
		{1A823614-D2C0-4124-AB2F-C12FB25EC06F}.Release|Any CPU.ActiveCfg = Release|Any CPU
		{1A823614-D2C0-4124-AB2F-C12FB25EC06F}.Release|Any CPU.Build.0 = Release|Any CPU
		{A809CFB5-A29E-44D5-803F-E0E7EC362CED}.Debug|Any CPU.ActiveCfg = Debug|Any CPU
		{A809CFB5-A29E-44D5-803F-E0E7EC362CED}.Debug|Any CPU.Build.0 = Debug|Any CPU
		{A809CFB5-A29E-44D5-803F-E0E7EC362CED}.Release|Any CPU.ActiveCfg = Release|Any CPU
		{A809CFB5-A29E-44D5-803F-E0E7EC362CED}.Release|Any CPU.Build.0 = Release|Any CPU
		{7E15ED90-874B-4656-86F4-4F0E27ECFF58}.Debug|Any CPU.ActiveCfg = Debug|Any CPU
		{7E15ED90-874B-4656-86F4-4F0E27ECFF58}.Debug|Any CPU.Build.0 = Debug|Any CPU
		{7E15ED90-874B-4656-86F4-4F0E27ECFF58}.Release|Any CPU.ActiveCfg = Release|Any CPU
		{7E15ED90-874B-4656-86F4-4F0E27ECFF58}.Release|Any CPU.Build.0 = Release|Any CPU
		{E0507E7D-1FB6-4124-854A-995DEEF41A29}.Debug|Any CPU.ActiveCfg = Debug|Any CPU
		{E0507E7D-1FB6-4124-854A-995DEEF41A29}.Debug|Any CPU.Build.0 = Debug|Any CPU
		{E0507E7D-1FB6-4124-854A-995DEEF41A29}.Release|Any CPU.ActiveCfg = Release|Any CPU
		{E0507E7D-1FB6-4124-854A-995DEEF41A29}.Release|Any CPU.Build.0 = Release|Any CPU
		{6BF02AE8-2599-46D6-B21C-A722134EFFD5}.Debug|Any CPU.ActiveCfg = Debug|Any CPU
		{6BF02AE8-2599-46D6-B21C-A722134EFFD5}.Debug|Any CPU.Build.0 = Debug|Any CPU
		{6BF02AE8-2599-46D6-B21C-A722134EFFD5}.Release|Any CPU.ActiveCfg = Release|Any CPU
		{6BF02AE8-2599-46D6-B21C-A722134EFFD5}.Release|Any CPU.Build.0 = Release|Any CPU
		{B1336E76-FCEF-4D85-86AC-F78665716243}.Debug|Any CPU.ActiveCfg = Debug|Any CPU
		{B1336E76-FCEF-4D85-86AC-F78665716243}.Debug|Any CPU.Build.0 = Debug|Any CPU
		{B1336E76-FCEF-4D85-86AC-F78665716243}.Release|Any CPU.ActiveCfg = Release|Any CPU
		{B1336E76-FCEF-4D85-86AC-F78665716243}.Release|Any CPU.Build.0 = Release|Any CPU
		{88950A72-AF0B-491A-826C-7AF134532704}.Debug|Any CPU.ActiveCfg = Debug|Any CPU
		{88950A72-AF0B-491A-826C-7AF134532704}.Debug|Any CPU.Build.0 = Debug|Any CPU
		{88950A72-AF0B-491A-826C-7AF134532704}.Release|Any CPU.ActiveCfg = Release|Any CPU
		{88950A72-AF0B-491A-826C-7AF134532704}.Release|Any CPU.Build.0 = Release|Any CPU
		{1A614091-314D-4E2D-9408-AD6F447DCBFE}.Debug|Any CPU.ActiveCfg = Debug|Any CPU
		{1A614091-314D-4E2D-9408-AD6F447DCBFE}.Debug|Any CPU.Build.0 = Debug|Any CPU
		{1A614091-314D-4E2D-9408-AD6F447DCBFE}.Release|Any CPU.ActiveCfg = Release|Any CPU
		{1A614091-314D-4E2D-9408-AD6F447DCBFE}.Release|Any CPU.Build.0 = Release|Any CPU
		{1DFE1484-2C74-48BC-88B4-7BCE0B321112}.Debug|Any CPU.ActiveCfg = Debug|Any CPU
		{1DFE1484-2C74-48BC-88B4-7BCE0B321112}.Debug|Any CPU.Build.0 = Debug|Any CPU
		{1DFE1484-2C74-48BC-88B4-7BCE0B321112}.Release|Any CPU.ActiveCfg = Release|Any CPU
		{1DFE1484-2C74-48BC-88B4-7BCE0B321112}.Release|Any CPU.Build.0 = Release|Any CPU
		{B3FBE24A-A68B-4CC5-971F-0EE2AE0D3005}.Debug|Any CPU.ActiveCfg = Debug|Any CPU
		{B3FBE24A-A68B-4CC5-971F-0EE2AE0D3005}.Debug|Any CPU.Build.0 = Debug|Any CPU
		{B3FBE24A-A68B-4CC5-971F-0EE2AE0D3005}.Release|Any CPU.ActiveCfg = Release|Any CPU
		{B3FBE24A-A68B-4CC5-971F-0EE2AE0D3005}.Release|Any CPU.Build.0 = Release|Any CPU
		{E1C303AB-D50E-4069-A08B-091D2099433D}.Debug|Any CPU.ActiveCfg = Debug|Any CPU
		{E1C303AB-D50E-4069-A08B-091D2099433D}.Debug|Any CPU.Build.0 = Debug|Any CPU
		{E1C303AB-D50E-4069-A08B-091D2099433D}.Release|Any CPU.ActiveCfg = Release|Any CPU
		{E1C303AB-D50E-4069-A08B-091D2099433D}.Release|Any CPU.Build.0 = Release|Any CPU
		{296B0951-A60D-4E6A-AF23-A6E08BA6AA21}.Debug|Any CPU.ActiveCfg = Debug|Any CPU
		{296B0951-A60D-4E6A-AF23-A6E08BA6AA21}.Debug|Any CPU.Build.0 = Debug|Any CPU
		{296B0951-A60D-4E6A-AF23-A6E08BA6AA21}.Release|Any CPU.ActiveCfg = Release|Any CPU
		{296B0951-A60D-4E6A-AF23-A6E08BA6AA21}.Release|Any CPU.Build.0 = Release|Any CPU
		{97AB54C8-E73F-4690-BE64-6E57A2C3519C}.Debug|Any CPU.ActiveCfg = Debug|Any CPU
		{97AB54C8-E73F-4690-BE64-6E57A2C3519C}.Debug|Any CPU.Build.0 = Debug|Any CPU
		{97AB54C8-E73F-4690-BE64-6E57A2C3519C}.Release|Any CPU.ActiveCfg = Release|Any CPU
		{97AB54C8-E73F-4690-BE64-6E57A2C3519C}.Release|Any CPU.Build.0 = Release|Any CPU
		{02CACE9B-F42E-4180-A5B9-9CE6B403A9CE}.Debug|Any CPU.ActiveCfg = Debug|Any CPU
		{02CACE9B-F42E-4180-A5B9-9CE6B403A9CE}.Debug|Any CPU.Build.0 = Debug|Any CPU
		{02CACE9B-F42E-4180-A5B9-9CE6B403A9CE}.Release|Any CPU.ActiveCfg = Release|Any CPU
		{02CACE9B-F42E-4180-A5B9-9CE6B403A9CE}.Release|Any CPU.Build.0 = Release|Any CPU
		{33BD2134-5D9A-4CDE-82B0-2528FBED5C68}.Debug|Any CPU.ActiveCfg = Debug|Any CPU
		{33BD2134-5D9A-4CDE-82B0-2528FBED5C68}.Debug|Any CPU.Build.0 = Debug|Any CPU
		{33BD2134-5D9A-4CDE-82B0-2528FBED5C68}.Release|Any CPU.ActiveCfg = Release|Any CPU
		{33BD2134-5D9A-4CDE-82B0-2528FBED5C68}.Release|Any CPU.Build.0 = Release|Any CPU
	EndGlobalSection
	GlobalSection(SolutionProperties) = preSolution
		HideSolutionNode = FALSE
	EndGlobalSection
	GlobalSection(NestedProjects) = preSolution
		{E0507E7D-1FB6-4124-854A-995DEEF41A29} = {5D10714B-83A6-4934-BDCC-1A4AF07F2BED}
		{6BF02AE8-2599-46D6-B21C-A722134EFFD5} = {8EA62744-C3D0-4F13-9FD0-069917029FF6}
		{5D10714B-83A6-4934-BDCC-1A4AF07F2BED} = {057E99EA-7E4A-492F-9528-EF1F7A7455C2}
		{8EA62744-C3D0-4F13-9FD0-069917029FF6} = {057E99EA-7E4A-492F-9528-EF1F7A7455C2}
		{B1336E76-FCEF-4D85-86AC-F78665716243} = {5D10714B-83A6-4934-BDCC-1A4AF07F2BED}
		{349DE7BC-497F-4F1C-8ED9-936D603211A2} = {057E99EA-7E4A-492F-9528-EF1F7A7455C2}
		{88950A72-AF0B-491A-826C-7AF134532704} = {349DE7BC-497F-4F1C-8ED9-936D603211A2}
		{1A614091-314D-4E2D-9408-AD6F447DCBFE} = {349DE7BC-497F-4F1C-8ED9-936D603211A2}
		{0C795A60-295B-4BD6-BEA3-B1AD5819508A} = {057E99EA-7E4A-492F-9528-EF1F7A7455C2}
		{1DFE1484-2C74-48BC-88B4-7BCE0B321112} = {0C795A60-295B-4BD6-BEA3-B1AD5819508A}
		{47DBC50B-4D7B-4DDD-AF7F-BC12760F0936} = {057E99EA-7E4A-492F-9528-EF1F7A7455C2}
		{B3FBE24A-A68B-4CC5-971F-0EE2AE0D3005} = {47DBC50B-4D7B-4DDD-AF7F-BC12760F0936}
		{E1C303AB-D50E-4069-A08B-091D2099433D} = {47DBC50B-4D7B-4DDD-AF7F-BC12760F0936}
		{189CAD9D-BB8B-4870-BBE6-01DDEEFC3EAF} = {057E99EA-7E4A-492F-9528-EF1F7A7455C2}
		{296B0951-A60D-4E6A-AF23-A6E08BA6AA21} = {DDBD4589-3C63-46FB-9681-CD1B28D980A7}
		{DDBD4589-3C63-46FB-9681-CD1B28D980A7} = {189CAD9D-BB8B-4870-BBE6-01DDEEFC3EAF}
		{4FC3FEB0-5C0C-4957-8FC9-2074E79E6FCB} = {189CAD9D-BB8B-4870-BBE6-01DDEEFC3EAF}
		{97AB54C8-E73F-4690-BE64-6E57A2C3519C} = {4FC3FEB0-5C0C-4957-8FC9-2074E79E6FCB}
		{02CACE9B-F42E-4180-A5B9-9CE6B403A9CE} = {4FC3FEB0-5C0C-4957-8FC9-2074E79E6FCB}
		{5F50B492-497C-41B4-B0A0-9740B274FD02} = {057E99EA-7E4A-492F-9528-EF1F7A7455C2}
		{33BD2134-5D9A-4CDE-82B0-2528FBED5C68} = {5F50B492-497C-41B4-B0A0-9740B274FD02}
	EndGlobalSection
	GlobalSection(ExtensibilityGlobals) = postSolution
		SolutionGuid = {EC088044-82AA-48AB-ADC6-029408EDD523}
	EndGlobalSection
EndGlobal
